
Microsoft Visual Studio Solution File, Format Version 12.00
# Visual Studio 14
VisualStudioVersion = 14.0.25123.0
MinimumVisualStudioVersion = 10.0.40219.1
Project("{2150E333-8FDC-42A3-9474-1A3956D46DE8}") = "src", "src", "{2BA9BAEF-74A3-41A2-90C6-25A08158FD9B}"
EndProject
Project("{2150E333-8FDC-42A3-9474-1A3956D46DE8}") = "Solution Items", "Solution Items", "{42BCEF9A-E302-4A0A-A0EC-EFBE430F55AD}"
	ProjectSection(SolutionItems) = preProject
		global.json = global.json
	EndProjectSection
EndProject
Project("{8BB2217D-0F2D-49D1-97BC-3654ED321F3B}") = "DiscUtils", "src\DiscUtils.xproj", "{5841761B-E083-4997-A223-D775E2478E2C}"
EndProject
Global
	GlobalSection(SolutionConfigurationPlatforms) = preSolution
		Debug|Any CPU = Debug|Any CPU
		Release|Any CPU = Release|Any CPU
	EndGlobalSection
	GlobalSection(ProjectConfigurationPlatforms) = postSolution
		{5841761B-E083-4997-A223-D775E2478E2C}.Debug|Any CPU.ActiveCfg = Debug|Any CPU
		{5841761B-E083-4997-A223-D775E2478E2C}.Debug|Any CPU.Build.0 = Debug|Any CPU
		{5841761B-E083-4997-A223-D775E2478E2C}.Release|Any CPU.ActiveCfg = Release|Any CPU
		{5841761B-E083-4997-A223-D775E2478E2C}.Release|Any CPU.Build.0 = Release|Any CPU
	EndGlobalSection
	GlobalSection(SolutionProperties) = preSolution
		HideSolutionNode = FALSE
	EndGlobalSection
	GlobalSection(NestedProjects) = preSolution
		{5841761B-E083-4997-A223-D775E2478E2C} = {2BA9BAEF-74A3-41A2-90C6-25A08158FD9B}
	EndGlobalSection
EndGlobal
